
Microsoft Visual Studio Solution File, Format Version 12.00
# Visual Studio Version 16
VisualStudioVersion = 16.0.28803.352
MinimumVisualStudioVersion = 10.0.40219.1
Project("{FAE04EC0-301F-11D3-BF4B-00C04F79EFBC}") = "TopsyTurvyCakes", "TopsyTurvyCakes\TopsyTurvyCakes.csproj", "{4809E7B8-D8A2-4511-8E43-106EEC2895CF}"
EndProject
Global
	GlobalSection(SolutionConfigurationPlatforms) = preSolution
		Debug|Any CPU = Debug|Any CPU
		Release|Any CPU = Release|Any CPU
	EndGlobalSection
	GlobalSection(ProjectConfigurationPlatforms) = postSolution
		{4809E7B8-D8A2-4511-8E43-106EEC2895CF}.Debug|Any CPU.ActiveCfg = Debug|Any CPU
		{4809E7B8-D8A2-4511-8E43-106EEC2895CF}.Debug|Any CPU.Build.0 = Debug|Any CPU
		{4809E7B8-D8A2-4511-8E43-106EEC2895CF}.Release|Any CPU.ActiveCfg = Release|Any CPU
		{4809E7B8-D8A2-4511-8E43-106EEC2895CF}.Release|Any CPU.Build.0 = Release|Any CPU
	EndGlobalSection
	GlobalSection(SolutionProperties) = preSolution
		HideSolutionNode = FALSE
	EndGlobalSection
	GlobalSection(ExtensibilityGlobals) = postSolution
		SolutionGuid = {A4DBA520-1F70-46B2-B068-2B9BEEDD6D18}
	EndGlobalSection
EndGlobal
